
Microsoft Visual Studio Solution File, Format Version 12.00
# Visual Studio Version 17
VisualStudioVersion = 17.5.33414.496
MinimumVisualStudioVersion = 10.0.40219.1
Project("{FAE04EC0-301F-11D3-BF4B-00C04F79EFBC}") = "FoodFactory", "FoodFactory\FoodFactory.csproj", "{28DCD671-A65F-47B6-9707-41BCF15108A5}"
EndProject
Global
	GlobalSection(SolutionConfigurationPlatforms) = preSolution
		Debug|Any CPU = Debug|Any CPU
		Release|Any CPU = Release|Any CPU
	EndGlobalSection
	GlobalSection(ProjectConfigurationPlatforms) = postSolution
		{28DCD671-A65F-47B6-9707-41BCF15108A5}.Debug|Any CPU.ActiveCfg = Debug|Any CPU
		{28DCD671-A65F-47B6-9707-41BCF15108A5}.Debug|Any CPU.Build.0 = Debug|Any CPU
		{28DCD671-A65F-47B6-9707-41BCF15108A5}.Release|Any CPU.ActiveCfg = Release|Any CPU
		{28DCD671-A65F-47B6-9707-41BCF15108A5}.Release|Any CPU.Build.0 = Release|Any CPU
	EndGlobalSection
	GlobalSection(SolutionProperties) = preSolution
		HideSolutionNode = FALSE
	EndGlobalSection
	GlobalSection(ExtensibilityGlobals) = postSolution
		SolutionGuid = {D01543E4-4D6F-459B-96C0-6ECC7DE9CD57}
	EndGlobalSection
EndGlobal
